{
  "name": "g6",
  "version": "1.0.0",
  "lockfileVersion": 1,
  "requires": true,
  "dependencies": {
    "@antv/g6": {
      "version": "1.2.0",
      "resolved": "http://registry.npm.taobao.org/@antv/g6/download/@antv/g6-1.2.0.tgz",
      "integrity": "sha1-gjp2DvRG717ydLpEBb3ucW/DzrM="
    }
  }
}
